
Microsoft Visual Studio Solution File, Format Version 12.00
# Visual Studio Version 17
VisualStudioVersion = 17.10.35013.160
MinimumVisualStudioVersion = 10.0.40219.1
Project("{FAE04EC0-301F-11D3-BF4B-00C04F79EFBC}") = "Du an -1", "Du an -1\Du an -1.csproj", "{9090FBA0-2067-4601-B51D-E851D6F1B21D}"
EndProject
Global
	GlobalSection(SolutionConfigurationPlatforms) = preSolution
		Debug|Any CPU = Debug|Any CPU
		Release|Any CPU = Release|Any CPU
	EndGlobalSection
	GlobalSection(ProjectConfigurationPlatforms) = postSolution
		{9090FBA0-2067-4601-B51D-E851D6F1B21D}.Debug|Any CPU.ActiveCfg = Debug|Any CPU
		{9090FBA0-2067-4601-B51D-E851D6F1B21D}.Debug|Any CPU.Build.0 = Debug|Any CPU
		{9090FBA0-2067-4601-B51D-E851D6F1B21D}.Release|Any CPU.ActiveCfg = Release|Any CPU
		{9090FBA0-2067-4601-B51D-E851D6F1B21D}.Release|Any CPU.Build.0 = Release|Any CPU
	EndGlobalSection
	GlobalSection(SolutionProperties) = preSolution
		HideSolutionNode = FALSE
	EndGlobalSection
	GlobalSection(ExtensibilityGlobals) = postSolution
		SolutionGuid = {C85619D8-4E80-4B2D-B9C6-410CE3DB4460}
	EndGlobalSection
EndGlobal
